PODS:
  - Alamofire (4.5.1)
  - AlamofireImage (3.3.0):
    - Alamofire (~> 4.5)
  - Bond (6.4.3):
    - Differ (~> 1.0.0)
    - ReactiveKit (~> 3.7.4)
  - Differ (1.0.0)
  - Dip (6.0)
  - ReactiveKit (3.7.4)
  - Realm (2.10.2):
    - Realm/Headers (= 2.10.2)
  - Realm/Headers (2.10.2)
  - RealmSwift (2.10.2):
    - Realm (= 2.10.2)

DEPENDENCIES:
  - Alamofire (~> 4.5)
  - AlamofireImage (~> 3.3)
  - Bond (~> 6.4)
  - Dip (~> 6.0)
  - RealmSwift (~> 2.10)

SPEC CHECKSUMS:
  Alamofire: 2d95912bf4c34f164fdfc335872e8c312acaea4a
  AlamofireImage: 2e784dc5d00f04903a52c1d169181469c805c3df
  Bond: ac3e1f1a5213cddbc0a820ffc7535ac0205505e9
  Differ: ac8137d4099659e06f3de6aa26d2c6416d986946
  Dip: 316ad036509eaf3ef78e19699f32a9e01a5b3c3e
  ReactiveKit: 0af7e43958a532342e0e247d2aeb318653628e68
  Realm: 0ef72b837fb67e9f4b098bac771ddd72c7fdbb69
  RealmSwift: 07a9ae0505091eda6b2ee7c190c3786d6e90a7b0

PODFILE CHECKSUM: bba6886a0fe69014acc799bc8d1caa87a71f421a

COCOAPODS: 1.3.1
