PODS:
  - Alamofire (4.4.0)
  - AlamofireImage (3.2.0):
    - Alamofire (~> 4.1)
  - Bond (6.2.6):
    - Diff (~> 0.4)
    - ReactiveKit (~> 3.5.3)
  - Diff (0.5.3)
  - Dip (5.0.4)
  - ReactiveKit (3.5.5)
  - Realm (2.8.0):
    - Realm/Headers (= 2.8.0)
  - Realm/Headers (2.8.0)
  - RealmSwift (2.8.0):
    - Realm (= 2.8.0)

DEPENDENCIES:
  - Alamofire (~> 4.4)
  - AlamofireImage (~> 3.2)
  - Bond (from `https://github.com/ReactiveKit/Bond.git`, branch `swift-4`)
  - Dip (~> 5.0)
  - RealmSwift (~> 2.8)

EXTERNAL SOURCES:
  Bond:
    :branch: swift-4
    :git: https://github.com/ReactiveKit/Bond.git

CHECKOUT OPTIONS:
  Bond:
    :commit: 448b23d182ca70452cee681d5e57790dbd41f6e5
    :git: https://github.com/ReactiveKit/Bond.git

SPEC CHECKSUMS:
  Alamofire: dc44b1600b800eb63da6a19039a0083d62a6a62d
  AlamofireImage: 157ed682cc81d3b9db4fb90c1f12180ac552d93b
  Bond: 5d7f2a616fec3be7738826896a414b8a4ca2882d
  Diff: befa1d19c32726b2b36ce915d98793e2fbde8dcc
  Dip: 6460091adcf84ae8765f4927b85b49e6a3b67bfe
  ReactiveKit: ced30f9647912f74510bd8179790cf2dfc9454c8
  Realm: 929243ad2b618b3232e70658bedc61110e7563f1
  RealmSwift: 5b7079b891f2833d1849294161ba3e092bbda3f6

PODFILE CHECKSUM: 5d7ae20933ef0d8e40255ef1a02cd80d500de916

COCOAPODS: 1.2.0
